
Microsoft Visual Studio Solution File, Format Version 12.00
# Visual Studio Version 16
VisualStudioVersion = 16.0.29411.108
MinimumVisualStudioVersion = 10.0.40219.1
Project("{FAE04EC0-301F-11D3-BF4B-00C04F79EFBC}") = "Egghead.Android", "Egghead\Egghead.Android\Egghead.Android.csproj", "{758EE638-F301-4E9C-B147-5C6E5A6FC5A1}"
EndProject
Project("{FAE04EC0-301F-11D3-BF4B-00C04F79EFBC}") = "Egghead.iOS", "Egghead\Egghead.iOS\Egghead.iOS.csproj", "{EA405359-AF09-4D8A-B81E-F07B5E2DD9DC}"
EndProject
Project("{FAE04EC0-301F-11D3-BF4B-00C04F79EFBC}") = "Egghead", "Egghead\Egghead\Egghead.csproj", "{3714AE3E-42B2-4B0C-BAE2-F8AA7B75A594}"
EndProject
Global
	GlobalSection(SolutionConfigurationPlatforms) = preSolution
		Debug|Any CPU = Debug|Any CPU
		Debug|iPhone = Debug|iPhone
		Debug|iPhoneSimulator = Debug|iPhoneSimulator
		Release|Any CPU = Release|Any CPU
		Release|iPhone = Release|iPhone
		Release|iPhoneSimulator = Release|iPhoneSimulator
	EndGlobalSection
	GlobalSection(ProjectConfigurationPlatforms) = postSolution
		{758EE638-F301-4E9C-B147-5C6E5A6FC5A1}.Debug|Any CPU.ActiveCfg = Debug|Any CPU
		{758EE638-F301-4E9C-B147-5C6E5A6FC5A1}.Debug|Any CPU.Build.0 = Debug|Any CPU
		{758EE638-F301-4E9C-B147-5C6E5A6FC5A1}.Debug|Any CPU.Deploy.0 = Debug|Any CPU
		{758EE638-F301-4E9C-B147-5C6E5A6FC5A1}.Debug|iPhone.ActiveCfg = Debug|Any CPU
		{758EE638-F301-4E9C-B147-5C6E5A6FC5A1}.Debug|iPhone.Build.0 = Debug|Any CPU
		{758EE638-F301-4E9C-B147-5C6E5A6FC5A1}.Debug|iPhone.Deploy.0 = Debug|Any CPU
		{758EE638-F301-4E9C-B147-5C6E5A6FC5A1}.Debug|iPhoneSimulator.ActiveCfg = Debug|Any CPU
		{758EE638-F301-4E9C-B147-5C6E5A6FC5A1}.Debug|iPhoneSimulator.Build.0 = Debug|Any CPU
		{758EE638-F301-4E9C-B147-5C6E5A6FC5A1}.Debug|iPhoneSimulator.Deploy.0 = Debug|Any CPU
		{758EE638-F301-4E9C-B147-5C6E5A6FC5A1}.Release|Any CPU.ActiveCfg = Release|Any CPU
		{758EE638-F301-4E9C-B147-5C6E5A6FC5A1}.Release|Any CPU.Build.0 = Release|Any CPU
		{758EE638-F301-4E9C-B147-5C6E5A6FC5A1}.Release|Any CPU.Deploy.0 = Release|Any CPU
		{758EE638-F301-4E9C-B147-5C6E5A6FC5A1}.Release|iPhone.ActiveCfg = Release|Any CPU
		{758EE638-F301-4E9C-B147-5C6E5A6FC5A1}.Release|iPhone.Build.0 = Release|Any CPU
		{758EE638-F301-4E9C-B147-5C6E5A6FC5A1}.Release|iPhone.Deploy.0 = Release|Any CPU
		{758EE638-F301-4E9C-B147-5C6E5A6FC5A1}.Release|iPhoneSimulator.ActiveCfg = Release|Any CPU
		{758EE638-F301-4E9C-B147-5C6E5A6FC5A1}.Release|iPhoneSimulator.Build.0 = Release|Any CPU
		{758EE638-F301-4E9C-B147-5C6E5A6FC5A1}.Release|iPhoneSimulator.Deploy.0 = Release|Any CPU
		{EA405359-AF09-4D8A-B81E-F07B5E2DD9DC}.Debug|Any CPU.ActiveCfg = Debug|iPhoneSimulator
		{EA405359-AF09-4D8A-B81E-F07B5E2DD9DC}.Debug|Any CPU.Build.0 = Debug|iPhoneSimulator
		{EA405359-AF09-4D8A-B81E-F07B5E2DD9DC}.Debug|Any CPU.Deploy.0 = Debug|iPhoneSimulator
		{EA405359-AF09-4D8A-B81E-F07B5E2DD9DC}.Debug|iPhone.ActiveCfg = Debug|iPhone
		{EA405359-AF09-4D8A-B81E-F07B5E2DD9DC}.Debug|iPhone.Build.0 = Debug|iPhone
		{EA405359-AF09-4D8A-B81E-F07B5E2DD9DC}.Debug|iPhone.Deploy.0 = Debug|iPhone
		{EA405359-AF09-4D8A-B81E-F07B5E2DD9DC}.Debug|iPhoneSimulator.ActiveCfg = Debug|iPhoneSimulator
		{EA405359-AF09-4D8A-B81E-F07B5E2DD9DC}.Debug|iPhoneSimulator.Build.0 = Debug|iPhoneSimulator
		{EA405359-AF09-4D8A-B81E-F07B5E2DD9DC}.Debug|iPhoneSimulator.Deploy.0 = Debug|iPhoneSimulator
		{EA405359-AF09-4D8A-B81E-F07B5E2DD9DC}.Release|Any CPU.ActiveCfg = Release|iPhone
		{EA405359-AF09-4D8A-B81E-F07B5E2DD9DC}.Release|Any CPU.Build.0 = Release|iPhone
		{EA405359-AF09-4D8A-B81E-F07B5E2DD9DC}.Release|Any CPU.Deploy.0 = Release|iPhone
		{EA405359-AF09-4D8A-B81E-F07B5E2DD9DC}.Release|iPhone.ActiveCfg = Release|iPhone
		{EA405359-AF09-4D8A-B81E-F07B5E2DD9DC}.Release|iPhone.Build.0 = Release|iPhone
		{EA405359-AF09-4D8A-B81E-F07B5E2DD9DC}.Release|iPhone.Deploy.0 = Release|iPhone
		{EA405359-AF09-4D8A-B81E-F07B5E2DD9DC}.Release|iPhoneSimulator.ActiveCfg = Release|iPhoneSimulator
		{EA405359-AF09-4D8A-B81E-F07B5E2DD9DC}.Release|iPhoneSimulator.Build.0 = Release|iPhoneSimulator
		{EA405359-AF09-4D8A-B81E-F07B5E2DD9DC}.Release|iPhoneSimulator.Deploy.0 = Release|iPhoneSimulator
		{3714AE3E-42B2-4B0C-BAE2-F8AA7B75A594}.Debug|Any CPU.ActiveCfg = Debug|Any CPU
		{3714AE3E-42B2-4B0C-BAE2-F8AA7B75A594}.Debug|Any CPU.Build.0 = Debug|Any CPU
		{3714AE3E-42B2-4B0C-BAE2-F8AA7B75A594}.Debug|Any CPU.Deploy.0 = Debug|Any CPU
		{3714AE3E-42B2-4B0C-BAE2-F8AA7B75A594}.Debug|iPhone.ActiveCfg = Debug|Any CPU
		{3714AE3E-42B2-4B0C-BAE2-F8AA7B75A594}.Debug|iPhone.Build.0 = Debug|Any CPU
		{3714AE3E-42B2-4B0C-BAE2-F8AA7B75A594}.Debug|iPhone.Deploy.0 = Debug|Any CPU
		{3714AE3E-42B2-4B0C-BAE2-F8AA7B75A594}.Debug|iPhoneSimulator.ActiveCfg = Debug|Any CPU
		{3714AE3E-42B2-4B0C-BAE2-F8AA7B75A594}.Debug|iPhoneSimulator.Build.0 = Debug|Any CPU
		{3714AE3E-42B2-4B0C-BAE2-F8AA7B75A594}.Debug|iPhoneSimulator.Deploy.0 = Debug|Any CPU
		{3714AE3E-42B2-4B0C-BAE2-F8AA7B75A594}.Release|Any CPU.ActiveCfg = Release|Any CPU
		{3714AE3E-42B2-4B0C-BAE2-F8AA7B75A594}.Release|Any CPU.Build.0 = Release|Any CPU
		{3714AE3E-42B2-4B0C-BAE2-F8AA7B75A594}.Release|Any CPU.Deploy.0 = Release|Any CPU
		{3714AE3E-42B2-4B0C-BAE2-F8AA7B75A594}.Release|iPhone.ActiveCfg = Release|Any CPU
		{3714AE3E-42B2-4B0C-BAE2-F8AA7B75A594}.Release|iPhone.Build.0 = Release|Any CPU
		{3714AE3E-42B2-4B0C-BAE2-F8AA7B75A594}.Release|iPhone.Deploy.0 = Release|Any CPU
		{3714AE3E-42B2-4B0C-BAE2-F8AA7B75A594}.Release|iPhoneSimulator.ActiveCfg = Release|Any CPU
		{3714AE3E-42B2-4B0C-BAE2-F8AA7B75A594}.Release|iPhoneSimulator.Build.0 = Release|Any CPU
		{3714AE3E-42B2-4B0C-BAE2-F8AA7B75A594}.Release|iPhoneSimulator.Deploy.0 = Release|Any CPU
	EndGlobalSection
	GlobalSection(SolutionProperties) = preSolution
		HideSolutionNode = FALSE
	EndGlobalSection
	GlobalSection(ExtensibilityGlobals) = postSolution
		SolutionGuid = {7A56D842-426A-400E-AAA2-BF9C3B490CB6}
	EndGlobalSection
EndGlobal
